
Microsoft Visual Studio Solution File, Format Version 12.00
# Visual Studio 15
VisualStudioVersion = 15.0.27004.2009
MinimumVisualStudioVersion = 10.0.40219.1
Project("{9A19103F-16F7-4668-BE54-9A1E7A4F7556}") = "Fixmyplacemobileapp", "Fixmyplacemobileapp\Fixmyplacemobileapp\Fixmyplacemobileapp.csproj", "{210D8C0F-DA08-4B2D-8C1D-5727449CCC36}"
EndProject
Project("{FAE04EC0-301F-11D3-BF4B-00C04F79EFBC}") = "Fixmyplacemobileapp.Droid", "Fixmyplacemobileapp\Fixmyplacemobileapp.Droid\Fixmyplacemobileapp.Droid.csproj", "{1E7AD6E9-0F55-4314-A432-04054D8EA126}"
EndProject
Project("{FAE04EC0-301F-11D3-BF4B-00C04F79EFBC}") = "Fixmyplacemobileapp.iOS", "Fixmyplacemobileapp\Fixmyplacemobileapp.iOS\Fixmyplacemobileapp.iOS.csproj", "{B52C41A6-7E72-49AB-BC79-AF7FAA410CF3}"
EndProject
Project("{FAE04EC0-301F-11D3-BF4B-00C04F79EFBC}") = "Fixmyplacemobileapp.UWP", "Fixmyplacemobileapp\Fixmyplacemobileapp.UWP\Fixmyplacemobileapp.UWP.csproj", "{884F64D8-DE8F-4AB5-B096-CB229158CCA8}"
EndProject
Project("{9A19103F-16F7-4668-BE54-9A1E7A4F7556}") = "Client", "Client\Client\Client.csproj", "{04FB7BB7-8B13-41F7-86DE-7DF12D846E1E}"
EndProject
Project("{9A19103F-16F7-4668-BE54-9A1E7A4F7556}") = "Admin", "Admin\Admin\Admin.csproj", "{CA62F86F-63F3-404C-8F2B-DE6E6CB23AE3}"
EndProject
Project("{9A19103F-16F7-4668-BE54-9A1E7A4F7556}") = "Technician", "Technician\Technician\Technician.csproj", "{D9A90D07-3FC1-4577-A26A-FCBF6603A38B}"
EndProject
Project("{9A19103F-16F7-4668-BE54-9A1E7A4F7556}") = "Visitor", "Visitor\Visitor.csproj", "{D9FC7777-82C9-44F8-AC3F-C481B44454AE}"
EndProject
Project("{9A19103F-16F7-4668-BE54-9A1E7A4F7556}") = "Shared", "Shared\Shared.csproj", "{CC42464C-13A5-46AE-BF5D-3D7AE538D6C9}"
EndProject
Global
	GlobalSection(SolutionConfigurationPlatforms) = preSolution
		Ad-Hoc|Any CPU = Ad-Hoc|Any CPU
		Ad-Hoc|ARM = Ad-Hoc|ARM
		Ad-Hoc|iPhone = Ad-Hoc|iPhone
		Ad-Hoc|iPhoneSimulator = Ad-Hoc|iPhoneSimulator
		Ad-Hoc|x64 = Ad-Hoc|x64
		Ad-Hoc|x86 = Ad-Hoc|x86
		AppStore|Any CPU = AppStore|Any CPU
		AppStore|ARM = AppStore|ARM
		AppStore|iPhone = AppStore|iPhone
		AppStore|iPhoneSimulator = AppStore|iPhoneSimulator
		AppStore|x64 = AppStore|x64
		AppStore|x86 = AppStore|x86
		Debug|Any CPU = Debug|Any CPU
		Debug|ARM = Debug|ARM
		Debug|iPhone = Debug|iPhone
		Debug|iPhoneSimulator = Debug|iPhoneSimulator
		Debug|x64 = Debug|x64
		Debug|x86 = Debug|x86
		Release|Any CPU = Release|Any CPU
		Release|ARM = Release|ARM
		Release|iPhone = Release|iPhone
		Release|iPhoneSimulator = Release|iPhoneSimulator
		Release|x64 = Release|x64
		Release|x86 = Release|x86
	EndGlobalSection
	GlobalSection(ProjectConfigurationPlatforms) = postSolution
		{210D8C0F-DA08-4B2D-8C1D-5727449CCC36}.Ad-Hoc|Any CPU.ActiveCfg = Release|Any CPU
		{210D8C0F-DA08-4B2D-8C1D-5727449CCC36}.Ad-Hoc|Any CPU.Build.0 = Release|Any CPU
		{210D8C0F-DA08-4B2D-8C1D-5727449CCC36}.Ad-Hoc|ARM.ActiveCfg = Release|Any CPU
		{210D8C0F-DA08-4B2D-8C1D-5727449CCC36}.Ad-Hoc|ARM.Build.0 = Release|Any CPU
		{210D8C0F-DA08-4B2D-8C1D-5727449CCC36}.Ad-Hoc|iPhone.ActiveCfg = Release|Any CPU
		{210D8C0F-DA08-4B2D-8C1D-5727449CCC36}.Ad-Hoc|iPhone.Build.0 = Release|Any CPU
		{210D8C0F-DA08-4B2D-8C1D-5727449CCC36}.Ad-Hoc|iPhoneSimulator.ActiveCfg = Release|Any CPU
		{210D8C0F-DA08-4B2D-8C1D-5727449CCC36}.Ad-Hoc|iPhoneSimulator.Build.0 = Release|Any CPU
		{210D8C0F-DA08-4B2D-8C1D-5727449CCC36}.Ad-Hoc|x64.ActiveCfg = Release|Any CPU
		{210D8C0F-DA08-4B2D-8C1D-5727449CCC36}.Ad-Hoc|x64.Build.0 = Release|Any CPU
		{210D8C0F-DA08-4B2D-8C1D-5727449CCC36}.Ad-Hoc|x86.ActiveCfg = Release|Any CPU
		{210D8C0F-DA08-4B2D-8C1D-5727449CCC36}.Ad-Hoc|x86.Build.0 = Release|Any CPU
		{210D8C0F-DA08-4B2D-8C1D-5727449CCC36}.AppStore|Any CPU.ActiveCfg = Release|Any CPU
		{210D8C0F-DA08-4B2D-8C1D-5727449CCC36}.AppStore|Any CPU.Build.0 = Release|Any CPU
		{210D8C0F-DA08-4B2D-8C1D-5727449CCC36}.AppStore|ARM.ActiveCfg = Release|Any CPU
		{210D8C0F-DA08-4B2D-8C1D-5727449CCC36}.AppStore|ARM.Build.0 = Release|Any CPU
		{210D8C0F-DA08-4B2D-8C1D-5727449CCC36}.AppStore|iPhone.ActiveCfg = Release|Any CPU
		{210D8C0F-DA08-4B2D-8C1D-5727449CCC36}.AppStore|iPhone.Build.0 = Release|Any CPU
		{210D8C0F-DA08-4B2D-8C1D-5727449CCC36}.AppStore|iPhoneSimulator.ActiveCfg = Release|Any CPU
		{210D8C0F-DA08-4B2D-8C1D-5727449CCC36}.AppStore|iPhoneSimulator.Build.0 = Release|Any CPU
		{210D8C0F-DA08-4B2D-8C1D-5727449CCC36}.AppStore|x64.ActiveCfg = Release|Any CPU
		{210D8C0F-DA08-4B2D-8C1D-5727449CCC36}.AppStore|x64.Build.0 = Release|Any CPU
		{210D8C0F-DA08-4B2D-8C1D-5727449CCC36}.AppStore|x86.ActiveCfg = Release|Any CPU
		{210D8C0F-DA08-4B2D-8C1D-5727449CCC36}.AppStore|x86.Build.0 = Release|Any CPU
		{210D8C0F-DA08-4B2D-8C1D-5727449CCC36}.Debug|Any CPU.ActiveCfg = Debug|Any CPU
		{210D8C0F-DA08-4B2D-8C1D-5727449CCC36}.Debug|Any CPU.Build.0 = Debug|Any CPU
		{210D8C0F-DA08-4B2D-8C1D-5727449CCC36}.Debug|ARM.ActiveCfg = Debug|Any CPU
		{210D8C0F-DA08-4B2D-8C1D-5727449CCC36}.Debug|ARM.Build.0 = Debug|Any CPU
		{210D8C0F-DA08-4B2D-8C1D-5727449CCC36}.Debug|iPhone.ActiveCfg = Debug|Any CPU
		{210D8C0F-DA08-4B2D-8C1D-5727449CCC36}.Debug|iPhone.Build.0 = Debug|Any CPU
		{210D8C0F-DA08-4B2D-8C1D-5727449CCC36}.Debug|iPhoneSimulator.ActiveCfg = Debug|Any CPU
		{210D8C0F-DA08-4B2D-8C1D-5727449CCC36}.Debug|iPhoneSimulator.Build.0 = Debug|Any CPU
		{210D8C0F-DA08-4B2D-8C1D-5727449CCC36}.Debug|x64.ActiveCfg = Debug|Any CPU
		{210D8C0F-DA08-4B2D-8C1D-5727449CCC36}.Debug|x64.Build.0 = Debug|Any CPU
		{210D8C0F-DA08-4B2D-8C1D-5727449CCC36}.Debug|x86.ActiveCfg = Debug|Any CPU
		{210D8C0F-DA08-4B2D-8C1D-5727449CCC36}.Debug|x86.Build.0 = Debug|Any CPU
		{210D8C0F-DA08-4B2D-8C1D-5727449CCC36}.Release|Any CPU.ActiveCfg = Release|Any CPU
		{210D8C0F-DA08-4B2D-8C1D-5727449CCC36}.Release|Any CPU.Build.0 = Release|Any CPU
		{210D8C0F-DA08-4B2D-8C1D-5727449CCC36}.Release|ARM.ActiveCfg = Release|Any CPU
		{210D8C0F-DA08-4B2D-8C1D-5727449CCC36}.Release|ARM.Build.0 = Release|Any CPU
		{210D8C0F-DA08-4B2D-8C1D-5727449CCC36}.Release|iPhone.ActiveCfg = Release|Any CPU
		{210D8C0F-DA08-4B2D-8C1D-5727449CCC36}.Release|iPhone.Build.0 = Release|Any CPU
		{210D8C0F-DA08-4B2D-8C1D-5727449CCC36}.Release|iPhoneSimulator.ActiveCfg = Release|Any CPU
		{210D8C0F-DA08-4B2D-8C1D-5727449CCC36}.Release|iPhoneSimulator.Build.0 = Release|Any CPU
		{210D8C0F-DA08-4B2D-8C1D-5727449CCC36}.Release|x64.ActiveCfg = Release|Any CPU
		{210D8C0F-DA08-4B2D-8C1D-5727449CCC36}.Release|x64.Build.0 = Release|Any CPU
		{210D8C0F-DA08-4B2D-8C1D-5727449CCC36}.Release|x86.ActiveCfg = Release|Any CPU
		{210D8C0F-DA08-4B2D-8C1D-5727449CCC36}.Release|x86.Build.0 = Release|Any CPU
		{1E7AD6E9-0F55-4314-A432-04054D8EA126}.Ad-Hoc|Any CPU.ActiveCfg = Release|Any CPU
		{1E7AD6E9-0F55-4314-A432-04054D8EA126}.Ad-Hoc|Any CPU.Build.0 = Release|Any CPU
		{1E7AD6E9-0F55-4314-A432-04054D8EA126}.Ad-Hoc|Any CPU.Deploy.0 = Release|Any CPU
		{1E7AD6E9-0F55-4314-A432-04054D8EA126}.Ad-Hoc|ARM.ActiveCfg = Release|Any CPU
		{1E7AD6E9-0F55-4314-A432-04054D8EA126}.Ad-Hoc|ARM.Build.0 = Release|Any CPU
		{1E7AD6E9-0F55-4314-A432-04054D8EA126}.Ad-Hoc|ARM.Deploy.0 = Release|Any CPU
		{1E7AD6E9-0F55-4314-A432-04054D8EA126}.Ad-Hoc|iPhone.ActiveCfg = Release|Any CPU
		{1E7AD6E9-0F55-4314-A432-04054D8EA126}.Ad-Hoc|iPhone.Build.0 = Release|Any CPU
		{1E7AD6E9-0F55-4314-A432-04054D8EA126}.Ad-Hoc|iPhone.Deploy.0 = Release|Any CPU
		{1E7AD6E9-0F55-4314-A432-04054D8EA126}.Ad-Hoc|iPhoneSimulator.ActiveCfg = Release|Any CPU
		{1E7AD6E9-0F55-4314-A432-04054D8EA126}.Ad-Hoc|iPhoneSimulator.Build.0 = Release|Any CPU
		{1E7AD6E9-0F55-4314-A432-04054D8EA126}.Ad-Hoc|iPhoneSimulator.Deploy.0 = Release|Any CPU
		{1E7AD6E9-0F55-4314-A432-04054D8EA126}.Ad-Hoc|x64.ActiveCfg = Release|Any CPU
		{1E7AD6E9-0F55-4314-A432-04054D8EA126}.Ad-Hoc|x64.Build.0 = Release|Any CPU
		{1E7AD6E9-0F55-4314-A432-04054D8EA126}.Ad-Hoc|x64.Deploy.0 = Release|Any CPU
		{1E7AD6E9-0F55-4314-A432-04054D8EA126}.Ad-Hoc|x86.ActiveCfg = Release|Any CPU
		{1E7AD6E9-0F55-4314-A432-04054D8EA126}.Ad-Hoc|x86.Build.0 = Release|Any CPU
		{1E7AD6E9-0F55-4314-A432-04054D8EA126}.Ad-Hoc|x86.Deploy.0 = Release|Any CPU
		{1E7AD6E9-0F55-4314-A432-04054D8EA126}.AppStore|Any CPU.ActiveCfg = Release|Any CPU
		{1E7AD6E9-0F55-4314-A432-04054D8EA126}.AppStore|Any CPU.Build.0 = Release|Any CPU
		{1E7AD6E9-0F55-4314-A432-04054D8EA126}.AppStore|Any CPU.Deploy.0 = Release|Any CPU
		{1E7AD6E9-0F55-4314-A432-04054D8EA126}.AppStore|ARM.ActiveCfg = Release|Any CPU
		{1E7AD6E9-0F55-4314-A432-04054D8EA126}.AppStore|ARM.Build.0 = Release|Any CPU
		{1E7AD6E9-0F55-4314-A432-04054D8EA126}.AppStore|ARM.Deploy.0 = Release|Any CPU
		{1E7AD6E9-0F55-4314-A432-04054D8EA126}.AppStore|iPhone.ActiveCfg = Release|Any CPU
		{1E7AD6E9-0F55-4314-A432-04054D8EA126}.AppStore|iPhone.Build.0 = Release|Any CPU
		{1E7AD6E9-0F55-4314-A432-04054D8EA126}.AppStore|iPhone.Deploy.0 = Release|Any CPU
		{1E7AD6E9-0F55-4314-A432-04054D8EA126}.AppStore|iPhoneSimulator.ActiveCfg = Release|Any CPU
		{1E7AD6E9-0F55-4314-A432-04054D8EA126}.AppStore|iPhoneSimulator.Build.0 = Release|Any CPU
		{1E7AD6E9-0F55-4314-A432-04054D8EA126}.AppStore|iPhoneSimulator.Deploy.0 = Release|Any CPU
		{1E7AD6E9-0F55-4314-A432-04054D8EA126}.AppStore|x64.ActiveCfg = Release|Any CPU
		{1E7AD6E9-0F55-4314-A432-04054D8EA126}.AppStore|x64.Build.0 = Release|Any CPU
		{1E7AD6E9-0F55-4314-A432-04054D8EA126}.AppStore|x64.Deploy.0 = Release|Any CPU
		{1E7AD6E9-0F55-4314-A432-04054D8EA126}.AppStore|x86.ActiveCfg = Release|Any CPU
		{1E7AD6E9-0F55-4314-A432-04054D8EA126}.AppStore|x86.Build.0 = Release|Any CPU
		{1E7AD6E9-0F55-4314-A432-04054D8EA126}.AppStore|x86.Deploy.0 = Release|Any CPU
		{1E7AD6E9-0F55-4314-A432-04054D8EA126}.Debug|Any CPU.ActiveCfg = Debug|Any CPU
		{1E7AD6E9-0F55-4314-A432-04054D8EA126}.Debug|Any CPU.Build.0 = Debug|Any CPU
		{1E7AD6E9-0F55-4314-A432-04054D8EA126}.Debug|Any CPU.Deploy.0 = Debug|Any CPU
		{1E7AD6E9-0F55-4314-A432-04054D8EA126}.Debug|ARM.ActiveCfg = Debug|Any CPU
		{1E7AD6E9-0F55-4314-A432-04054D8EA126}.Debug|ARM.Build.0 = Debug|Any CPU
		{1E7AD6E9-0F55-4314-A432-04054D8EA126}.Debug|ARM.Deploy.0 = Debug|Any CPU
		{1E7AD6E9-0F55-4314-A432-04054D8EA126}.Debug|iPhone.ActiveCfg = Debug|Any CPU
		{1E7AD6E9-0F55-4314-A432-04054D8EA126}.Debug|iPhone.Build.0 = Debug|Any CPU
		{1E7AD6E9-0F55-4314-A432-04054D8EA126}.Debug|iPhone.Deploy.0 = Debug|Any CPU
		{1E7AD6E9-0F55-4314-A432-04054D8EA126}.Debug|iPhoneSimulator.ActiveCfg = Debug|Any CPU
		{1E7AD6E9-0F55-4314-A432-04054D8EA126}.Debug|iPhoneSimulator.Build.0 = Debug|Any CPU
		{1E7AD6E9-0F55-4314-A432-04054D8EA126}.Debug|iPhoneSimulator.Deploy.0 = Debug|Any CPU
		{1E7AD6E9-0F55-4314-A432-04054D8EA126}.Debug|x64.ActiveCfg = Debug|Any CPU
		{1E7AD6E9-0F55-4314-A432-04054D8EA126}.Debug|x64.Build.0 = Debug|Any CPU
		{1E7AD6E9-0F55-4314-A432-04054D8EA126}.Debug|x64.Deploy.0 = Debug|Any CPU
		{1E7AD6E9-0F55-4314-A432-04054D8EA126}.Debug|x86.ActiveCfg = Debug|Any CPU
		{1E7AD6E9-0F55-4314-A432-04054D8EA126}.Debug|x86.Build.0 = Debug|Any CPU
		{1E7AD6E9-0F55-4314-A432-04054D8EA126}.Debug|x86.Deploy.0 = Debug|Any CPU
		{1E7AD6E9-0F55-4314-A432-04054D8EA126}.Release|Any CPU.ActiveCfg = Release|Any CPU
		{1E7AD6E9-0F55-4314-A432-04054D8EA126}.Release|Any CPU.Build.0 = Release|Any CPU
		{1E7AD6E9-0F55-4314-A432-04054D8EA126}.Release|Any CPU.Deploy.0 = Release|Any CPU
		{1E7AD6E9-0F55-4314-A432-04054D8EA126}.Release|ARM.ActiveCfg = Release|Any CPU
		{1E7AD6E9-0F55-4314-A432-04054D8EA126}.Release|ARM.Build.0 = Release|Any CPU
		{1E7AD6E9-0F55-4314-A432-04054D8EA126}.Release|ARM.Deploy.0 = Release|Any CPU
		{1E7AD6E9-0F55-4314-A432-04054D8EA126}.Release|iPhone.ActiveCfg = Release|Any CPU
		{1E7AD6E9-0F55-4314-A432-04054D8EA126}.Release|iPhone.Build.0 = Release|Any CPU
		{1E7AD6E9-0F55-4314-A432-04054D8EA126}.Release|iPhone.Deploy.0 = Release|Any CPU
		{1E7AD6E9-0F55-4314-A432-04054D8EA126}.Release|iPhoneSimulator.ActiveCfg = Release|Any CPU
		{1E7AD6E9-0F55-4314-A432-04054D8EA126}.Release|iPhoneSimulator.Build.0 = Release|Any CPU
		{1E7AD6E9-0F55-4314-A432-04054D8EA126}.Release|iPhoneSimulator.Deploy.0 = Release|Any CPU
		{1E7AD6E9-0F55-4314-A432-04054D8EA126}.Release|x64.ActiveCfg = Release|Any CPU
		{1E7AD6E9-0F55-4314-A432-04054D8EA126}.Release|x64.Build.0 = Release|Any CPU
		{1E7AD6E9-0F55-4314-A432-04054D8EA126}.Release|x64.Deploy.0 = Release|Any CPU
		{1E7AD6E9-0F55-4314-A432-04054D8EA126}.Release|x86.ActiveCfg = Release|Any CPU
		{1E7AD6E9-0F55-4314-A432-04054D8EA126}.Release|x86.Build.0 = Release|Any CPU
		{1E7AD6E9-0F55-4314-A432-04054D8EA126}.Release|x86.Deploy.0 = Release|Any CPU
		{B52C41A6-7E72-49AB-BC79-AF7FAA410CF3}.Ad-Hoc|Any CPU.ActiveCfg = Ad-Hoc|iPhone
		{B52C41A6-7E72-49AB-BC79-AF7FAA410CF3}.Ad-Hoc|ARM.ActiveCfg = Ad-Hoc|iPhone
		{B52C41A6-7E72-49AB-BC79-AF7FAA410CF3}.Ad-Hoc|iPhone.ActiveCfg = Ad-Hoc|iPhone
		{B52C41A6-7E72-49AB-BC79-AF7FAA410CF3}.Ad-Hoc|iPhone.Build.0 = Ad-Hoc|iPhone
		{B52C41A6-7E72-49AB-BC79-AF7FAA410CF3}.Ad-Hoc|iPhoneSimulator.ActiveCfg = Ad-Hoc|iPhoneSimulator
		{B52C41A6-7E72-49AB-BC79-AF7FAA410CF3}.Ad-Hoc|iPhoneSimulator.Build.0 = Ad-Hoc|iPhoneSimulator
		{B52C41A6-7E72-49AB-BC79-AF7FAA410CF3}.Ad-Hoc|x64.ActiveCfg = Ad-Hoc|iPhone
		{B52C41A6-7E72-49AB-BC79-AF7FAA410CF3}.Ad-Hoc|x86.ActiveCfg = Ad-Hoc|iPhone
		{B52C41A6-7E72-49AB-BC79-AF7FAA410CF3}.AppStore|Any CPU.ActiveCfg = AppStore|iPhone
		{B52C41A6-7E72-49AB-BC79-AF7FAA410CF3}.AppStore|ARM.ActiveCfg = AppStore|iPhone
		{B52C41A6-7E72-49AB-BC79-AF7FAA410CF3}.AppStore|iPhone.ActiveCfg = AppStore|iPhone
		{B52C41A6-7E72-49AB-BC79-AF7FAA410CF3}.AppStore|iPhone.Build.0 = AppStore|iPhone
		{B52C41A6-7E72-49AB-BC79-AF7FAA410CF3}.AppStore|iPhoneSimulator.ActiveCfg = AppStore|iPhoneSimulator
		{B52C41A6-7E72-49AB-BC79-AF7FAA410CF3}.AppStore|iPhoneSimulator.Build.0 = AppStore|iPhoneSimulator
		{B52C41A6-7E72-49AB-BC79-AF7FAA410CF3}.AppStore|x64.ActiveCfg = AppStore|iPhone
		{B52C41A6-7E72-49AB-BC79-AF7FAA410CF3}.AppStore|x86.ActiveCfg = AppStore|iPhone
		{B52C41A6-7E72-49AB-BC79-AF7FAA410CF3}.Debug|Any CPU.ActiveCfg = Debug|iPhone
		{B52C41A6-7E72-49AB-BC79-AF7FAA410CF3}.Debug|ARM.ActiveCfg = Debug|iPhone
		{B52C41A6-7E72-49AB-BC79-AF7FAA410CF3}.Debug|iPhone.ActiveCfg = Debug|iPhone
		{B52C41A6-7E72-49AB-BC79-AF7FAA410CF3}.Debug|iPhone.Build.0 = Debug|iPhone
		{B52C41A6-7E72-49AB-BC79-AF7FAA410CF3}.Debug|iPhoneSimulator.ActiveCfg = Debug|iPhoneSimulator
		{B52C41A6-7E72-49AB-BC79-AF7FAA410CF3}.Debug|iPhoneSimulator.Build.0 = Debug|iPhoneSimulator
		{B52C41A6-7E72-49AB-BC79-AF7FAA410CF3}.Debug|x64.ActiveCfg = Debug|iPhone
		{B52C41A6-7E72-49AB-BC79-AF7FAA410CF3}.Debug|x86.ActiveCfg = Debug|iPhone
		{B52C41A6-7E72-49AB-BC79-AF7FAA410CF3}.Debug|x86.Build.0 = Debug|iPhone
		{B52C41A6-7E72-49AB-BC79-AF7FAA410CF3}.Release|Any CPU.ActiveCfg = Release|iPhone
		{B52C41A6-7E72-49AB-BC79-AF7FAA410CF3}.Release|ARM.ActiveCfg = Release|iPhone
		{B52C41A6-7E72-49AB-BC79-AF7FAA410CF3}.Release|iPhone.ActiveCfg = Release|iPhone
		{B52C41A6-7E72-49AB-BC79-AF7FAA410CF3}.Release|iPhone.Build.0 = Release|iPhone
		{B52C41A6-7E72-49AB-BC79-AF7FAA410CF3}.Release|iPhoneSimulator.ActiveCfg = Release|iPhone
		{B52C41A6-7E72-49AB-BC79-AF7FAA410CF3}.Release|iPhoneSimulator.Build.0 = Release|iPhone
		{B52C41A6-7E72-49AB-BC79-AF7FAA410CF3}.Release|x64.ActiveCfg = Release|iPhone
		{B52C41A6-7E72-49AB-BC79-AF7FAA410CF3}.Release|x86.ActiveCfg = Release|iPhone
		{884F64D8-DE8F-4AB5-B096-CB229158CCA8}.Ad-Hoc|Any CPU.ActiveCfg = Release|x86
		{884F64D8-DE8F-4AB5-B096-CB229158CCA8}.Ad-Hoc|Any CPU.Build.0 = Release|x86
		{884F64D8-DE8F-4AB5-B096-CB229158CCA8}.Ad-Hoc|Any CPU.Deploy.0 = Release|x86
		{884F64D8-DE8F-4AB5-B096-CB229158CCA8}.Ad-Hoc|ARM.ActiveCfg = Release|ARM
		{884F64D8-DE8F-4AB5-B096-CB229158CCA8}.Ad-Hoc|ARM.Build.0 = Release|ARM
		{884F64D8-DE8F-4AB5-B096-CB229158CCA8}.Ad-Hoc|ARM.Deploy.0 = Release|ARM
		{884F64D8-DE8F-4AB5-B096-CB229158CCA8}.Ad-Hoc|iPhone.ActiveCfg = Release|x86
		{884F64D8-DE8F-4AB5-B096-CB229158CCA8}.Ad-Hoc|iPhone.Build.0 = Release|x86
		{884F64D8-DE8F-4AB5-B096-CB229158CCA8}.Ad-Hoc|iPhone.Deploy.0 = Release|x86
		{884F64D8-DE8F-4AB5-B096-CB229158CCA8}.Ad-Hoc|iPhoneSimulator.ActiveCfg = Release|x86
		{884F64D8-DE8F-4AB5-B096-CB229158CCA8}.Ad-Hoc|iPhoneSimulator.Build.0 = Release|x86
		{884F64D8-DE8F-4AB5-B096-CB229158CCA8}.Ad-Hoc|iPhoneSimulator.Deploy.0 = Release|x86
		{884F64D8-DE8F-4AB5-B096-CB229158CCA8}.Ad-Hoc|x64.ActiveCfg = Release|x64
		{884F64D8-DE8F-4AB5-B096-CB229158CCA8}.Ad-Hoc|x64.Build.0 = Release|x64
		{884F64D8-DE8F-4AB5-B096-CB229158CCA8}.Ad-Hoc|x64.Deploy.0 = Release|x64
		{884F64D8-DE8F-4AB5-B096-CB229158CCA8}.Ad-Hoc|x86.ActiveCfg = Release|x86
		{884F64D8-DE8F-4AB5-B096-CB229158CCA8}.Ad-Hoc|x86.Build.0 = Release|x86
		{884F64D8-DE8F-4AB5-B096-CB229158CCA8}.Ad-Hoc|x86.Deploy.0 = Release|x86
		{884F64D8-DE8F-4AB5-B096-CB229158CCA8}.AppStore|Any CPU.ActiveCfg = Release|x86
		{884F64D8-DE8F-4AB5-B096-CB229158CCA8}.AppStore|Any CPU.Build.0 = Release|x86
		{884F64D8-DE8F-4AB5-B096-CB229158CCA8}.AppStore|Any CPU.Deploy.0 = Release|x86
		{884F64D8-DE8F-4AB5-B096-CB229158CCA8}.AppStore|ARM.ActiveCfg = Release|ARM
		{884F64D8-DE8F-4AB5-B096-CB229158CCA8}.AppStore|ARM.Build.0 = Release|ARM
		{884F64D8-DE8F-4AB5-B096-CB229158CCA8}.AppStore|ARM.Deploy.0 = Release|ARM
		{884F64D8-DE8F-4AB5-B096-CB229158CCA8}.AppStore|iPhone.ActiveCfg = Release|x86
		{884F64D8-DE8F-4AB5-B096-CB229158CCA8}.AppStore|iPhone.Build.0 = Release|x86
		{884F64D8-DE8F-4AB5-B096-CB229158CCA8}.AppStore|iPhone.Deploy.0 = Release|x86
		{884F64D8-DE8F-4AB5-B096-CB229158CCA8}.AppStore|iPhoneSimulator.ActiveCfg = Release|x86
		{884F64D8-DE8F-4AB5-B096-CB229158CCA8}.AppStore|iPhoneSimulator.Build.0 = Release|x86
		{884F64D8-DE8F-4AB5-B096-CB229158CCA8}.AppStore|iPhoneSimulator.Deploy.0 = Release|x86
		{884F64D8-DE8F-4AB5-B096-CB229158CCA8}.AppStore|x64.ActiveCfg = Release|x64
		{884F64D8-DE8F-4AB5-B096-CB229158CCA8}.AppStore|x64.Build.0 = Release|x64
		{884F64D8-DE8F-4AB5-B096-CB229158CCA8}.AppStore|x64.Deploy.0 = Release|x64
		{884F64D8-DE8F-4AB5-B096-CB229158CCA8}.AppStore|x86.ActiveCfg = Release|x86
		{884F64D8-DE8F-4AB5-B096-CB229158CCA8}.AppStore|x86.Build.0 = Release|x86
		{884F64D8-DE8F-4AB5-B096-CB229158CCA8}.AppStore|x86.Deploy.0 = Release|x86
		{884F64D8-DE8F-4AB5-B096-CB229158CCA8}.Debug|Any CPU.ActiveCfg = Debug|x86
		{884F64D8-DE8F-4AB5-B096-CB229158CCA8}.Debug|Any CPU.Build.0 = Debug|x86
		{884F64D8-DE8F-4AB5-B096-CB229158CCA8}.Debug|Any CPU.Deploy.0 = Debug|x86
		{884F64D8-DE8F-4AB5-B096-CB229158CCA8}.Debug|ARM.ActiveCfg = Debug|ARM
		{884F64D8-DE8F-4AB5-B096-CB229158CCA8}.Debug|ARM.Build.0 = Debug|ARM
		{884F64D8-DE8F-4AB5-B096-CB229158CCA8}.Debug|ARM.Deploy.0 = Debug|ARM
		{884F64D8-DE8F-4AB5-B096-CB229158CCA8}.Debug|iPhone.ActiveCfg = Debug|x86
		{884F64D8-DE8F-4AB5-B096-CB229158CCA8}.Debug|iPhoneSimulator.ActiveCfg = Debug|x86
		{884F64D8-DE8F-4AB5-B096-CB229158CCA8}.Debug|iPhoneSimulator.Build.0 = Debug|x86
		{884F64D8-DE8F-4AB5-B096-CB229158CCA8}.Debug|iPhoneSimulator.Deploy.0 = Debug|x86
		{884F64D8-DE8F-4AB5-B096-CB229158CCA8}.Debug|x64.ActiveCfg = Debug|x64
		{884F64D8-DE8F-4AB5-B096-CB229158CCA8}.Debug|x64.Build.0 = Debug|x64
		{884F64D8-DE8F-4AB5-B096-CB229158CCA8}.Debug|x64.Deploy.0 = Debug|x64
		{884F64D8-DE8F-4AB5-B096-CB229158CCA8}.Debug|x86.ActiveCfg = Debug|ARM
		{884F64D8-DE8F-4AB5-B096-CB229158CCA8}.Debug|x86.Build.0 = Debug|ARM
		{884F64D8-DE8F-4AB5-B096-CB229158CCA8}.Debug|x86.Deploy.0 = Debug|ARM
		{884F64D8-DE8F-4AB5-B096-CB229158CCA8}.Release|Any CPU.ActiveCfg = Release|x86
		{884F64D8-DE8F-4AB5-B096-CB229158CCA8}.Release|ARM.ActiveCfg = Release|ARM
		{884F64D8-DE8F-4AB5-B096-CB229158CCA8}.Release|ARM.Build.0 = Release|ARM
		{884F64D8-DE8F-4AB5-B096-CB229158CCA8}.Release|ARM.Deploy.0 = Release|ARM
		{884F64D8-DE8F-4AB5-B096-CB229158CCA8}.Release|iPhone.ActiveCfg = Release|x86
		{884F64D8-DE8F-4AB5-B096-CB229158CCA8}.Release|iPhoneSimulator.ActiveCfg = Release|x86
		{884F64D8-DE8F-4AB5-B096-CB229158CCA8}.Release|x64.ActiveCfg = Release|x64
		{884F64D8-DE8F-4AB5-B096-CB229158CCA8}.Release|x64.Build.0 = Release|x64
		{884F64D8-DE8F-4AB5-B096-CB229158CCA8}.Release|x64.Deploy.0 = Release|x64
		{884F64D8-DE8F-4AB5-B096-CB229158CCA8}.Release|x86.ActiveCfg = Release|x86
		{884F64D8-DE8F-4AB5-B096-CB229158CCA8}.Release|x86.Build.0 = Release|x86
		{884F64D8-DE8F-4AB5-B096-CB229158CCA8}.Release|x86.Deploy.0 = Release|x86
		{04FB7BB7-8B13-41F7-86DE-7DF12D846E1E}.Ad-Hoc|Any CPU.ActiveCfg = Debug|Any CPU
		{04FB7BB7-8B13-41F7-86DE-7DF12D846E1E}.Ad-Hoc|Any CPU.Build.0 = Debug|Any CPU
		{04FB7BB7-8B13-41F7-86DE-7DF12D846E1E}.Ad-Hoc|ARM.ActiveCfg = Debug|Any CPU
		{04FB7BB7-8B13-41F7-86DE-7DF12D846E1E}.Ad-Hoc|ARM.Build.0 = Debug|Any CPU
		{04FB7BB7-8B13-41F7-86DE-7DF12D846E1E}.Ad-Hoc|iPhone.ActiveCfg = Debug|Any CPU
		{04FB7BB7-8B13-41F7-86DE-7DF12D846E1E}.Ad-Hoc|iPhone.Build.0 = Debug|Any CPU
		{04FB7BB7-8B13-41F7-86DE-7DF12D846E1E}.Ad-Hoc|iPhoneSimulator.ActiveCfg = Debug|Any CPU
		{04FB7BB7-8B13-41F7-86DE-7DF12D846E1E}.Ad-Hoc|iPhoneSimulator.Build.0 = Debug|Any CPU
		{04FB7BB7-8B13-41F7-86DE-7DF12D846E1E}.Ad-Hoc|x64.ActiveCfg = Debug|Any CPU
		{04FB7BB7-8B13-41F7-86DE-7DF12D846E1E}.Ad-Hoc|x64.Build.0 = Debug|Any CPU
		{04FB7BB7-8B13-41F7-86DE-7DF12D846E1E}.Ad-Hoc|x86.ActiveCfg = Debug|Any CPU
		{04FB7BB7-8B13-41F7-86DE-7DF12D846E1E}.Ad-Hoc|x86.Build.0 = Debug|Any CPU
		{04FB7BB7-8B13-41F7-86DE-7DF12D846E1E}.AppStore|Any CPU.ActiveCfg = Debug|Any CPU
		{04FB7BB7-8B13-41F7-86DE-7DF12D846E1E}.AppStore|Any CPU.Build.0 = Debug|Any CPU
		{04FB7BB7-8B13-41F7-86DE-7DF12D846E1E}.AppStore|ARM.ActiveCfg = Debug|Any CPU
		{04FB7BB7-8B13-41F7-86DE-7DF12D846E1E}.AppStore|ARM.Build.0 = Debug|Any CPU
		{04FB7BB7-8B13-41F7-86DE-7DF12D846E1E}.AppStore|iPhone.ActiveCfg = Debug|Any CPU
		{04FB7BB7-8B13-41F7-86DE-7DF12D846E1E}.AppStore|iPhone.Build.0 = Debug|Any CPU
		{04FB7BB7-8B13-41F7-86DE-7DF12D846E1E}.AppStore|iPhoneSimulator.ActiveCfg = Debug|Any CPU
		{04FB7BB7-8B13-41F7-86DE-7DF12D846E1E}.AppStore|iPhoneSimulator.Build.0 = Debug|Any CPU
		{04FB7BB7-8B13-41F7-86DE-7DF12D846E1E}.AppStore|x64.ActiveCfg = Debug|Any CPU
		{04FB7BB7-8B13-41F7-86DE-7DF12D846E1E}.AppStore|x64.Build.0 = Debug|Any CPU
		{04FB7BB7-8B13-41F7-86DE-7DF12D846E1E}.AppStore|x86.ActiveCfg = Debug|Any CPU
		{04FB7BB7-8B13-41F7-86DE-7DF12D846E1E}.AppStore|x86.Build.0 = Debug|Any CPU
		{04FB7BB7-8B13-41F7-86DE-7DF12D846E1E}.Debug|Any CPU.ActiveCfg = Debug|Any CPU
		{04FB7BB7-8B13-41F7-86DE-7DF12D846E1E}.Debug|Any CPU.Build.0 = Debug|Any CPU
		{04FB7BB7-8B13-41F7-86DE-7DF12D846E1E}.Debug|ARM.ActiveCfg = Debug|Any CPU
		{04FB7BB7-8B13-41F7-86DE-7DF12D846E1E}.Debug|ARM.Build.0 = Debug|Any CPU
		{04FB7BB7-8B13-41F7-86DE-7DF12D846E1E}.Debug|iPhone.ActiveCfg = Debug|Any CPU
		{04FB7BB7-8B13-41F7-86DE-7DF12D846E1E}.Debug|iPhone.Build.0 = Debug|Any CPU
		{04FB7BB7-8B13-41F7-86DE-7DF12D846E1E}.Debug|iPhoneSimulator.ActiveCfg = Debug|Any CPU
		{04FB7BB7-8B13-41F7-86DE-7DF12D846E1E}.Debug|iPhoneSimulator.Build.0 = Debug|Any CPU
		{04FB7BB7-8B13-41F7-86DE-7DF12D846E1E}.Debug|x64.ActiveCfg = Debug|Any CPU
		{04FB7BB7-8B13-41F7-86DE-7DF12D846E1E}.Debug|x64.Build.0 = Debug|Any CPU
		{04FB7BB7-8B13-41F7-86DE-7DF12D846E1E}.Debug|x86.ActiveCfg = Debug|Any CPU
		{04FB7BB7-8B13-41F7-86DE-7DF12D846E1E}.Debug|x86.Build.0 = Debug|Any CPU
		{04FB7BB7-8B13-41F7-86DE-7DF12D846E1E}.Release|Any CPU.ActiveCfg = Release|Any CPU
		{04FB7BB7-8B13-41F7-86DE-7DF12D846E1E}.Release|Any CPU.Build.0 = Release|Any CPU
		{04FB7BB7-8B13-41F7-86DE-7DF12D846E1E}.Release|ARM.ActiveCfg = Release|Any CPU
		{04FB7BB7-8B13-41F7-86DE-7DF12D846E1E}.Release|ARM.Build.0 = Release|Any CPU
		{04FB7BB7-8B13-41F7-86DE-7DF12D846E1E}.Release|iPhone.ActiveCfg = Release|Any CPU
		{04FB7BB7-8B13-41F7-86DE-7DF12D846E1E}.Release|iPhone.Build.0 = Release|Any CPU
		{04FB7BB7-8B13-41F7-86DE-7DF12D846E1E}.Release|iPhoneSimulator.ActiveCfg = Release|Any CPU
		{04FB7BB7-8B13-41F7-86DE-7DF12D846E1E}.Release|iPhoneSimulator.Build.0 = Release|Any CPU
		{04FB7BB7-8B13-41F7-86DE-7DF12D846E1E}.Release|x64.ActiveCfg = Release|Any CPU
		{04FB7BB7-8B13-41F7-86DE-7DF12D846E1E}.Release|x64.Build.0 = Release|Any CPU
		{04FB7BB7-8B13-41F7-86DE-7DF12D846E1E}.Release|x86.ActiveCfg = Release|Any CPU
		{04FB7BB7-8B13-41F7-86DE-7DF12D846E1E}.Release|x86.Build.0 = Release|Any CPU
		{CA62F86F-63F3-404C-8F2B-DE6E6CB23AE3}.Ad-Hoc|Any CPU.ActiveCfg = Debug|Any CPU
		{CA62F86F-63F3-404C-8F2B-DE6E6CB23AE3}.Ad-Hoc|Any CPU.Build.0 = Debug|Any CPU
		{CA62F86F-63F3-404C-8F2B-DE6E6CB23AE3}.Ad-Hoc|ARM.ActiveCfg = Debug|Any CPU
		{CA62F86F-63F3-404C-8F2B-DE6E6CB23AE3}.Ad-Hoc|ARM.Build.0 = Debug|Any CPU
		{CA62F86F-63F3-404C-8F2B-DE6E6CB23AE3}.Ad-Hoc|iPhone.ActiveCfg = Debug|Any CPU
		{CA62F86F-63F3-404C-8F2B-DE6E6CB23AE3}.Ad-Hoc|iPhone.Build.0 = Debug|Any CPU
		{CA62F86F-63F3-404C-8F2B-DE6E6CB23AE3}.Ad-Hoc|iPhoneSimulator.ActiveCfg = Debug|Any CPU
		{CA62F86F-63F3-404C-8F2B-DE6E6CB23AE3}.Ad-Hoc|iPhoneSimulator.Build.0 = Debug|Any CPU
		{CA62F86F-63F3-404C-8F2B-DE6E6CB23AE3}.Ad-Hoc|x64.ActiveCfg = Debug|Any CPU
		{CA62F86F-63F3-404C-8F2B-DE6E6CB23AE3}.Ad-Hoc|x64.Build.0 = Debug|Any CPU
		{CA62F86F-63F3-404C-8F2B-DE6E6CB23AE3}.Ad-Hoc|x86.ActiveCfg = Debug|Any CPU
		{CA62F86F-63F3-404C-8F2B-DE6E6CB23AE3}.Ad-Hoc|x86.Build.0 = Debug|Any CPU
		{CA62F86F-63F3-404C-8F2B-DE6E6CB23AE3}.AppStore|Any CPU.ActiveCfg = Debug|Any CPU
		{CA62F86F-63F3-404C-8F2B-DE6E6CB23AE3}.AppStore|Any CPU.Build.0 = Debug|Any CPU
		{CA62F86F-63F3-404C-8F2B-DE6E6CB23AE3}.AppStore|ARM.ActiveCfg = Debug|Any CPU
		{CA62F86F-63F3-404C-8F2B-DE6E6CB23AE3}.AppStore|ARM.Build.0 = Debug|Any CPU
		{CA62F86F-63F3-404C-8F2B-DE6E6CB23AE3}.AppStore|iPhone.ActiveCfg = Debug|Any CPU
		{CA62F86F-63F3-404C-8F2B-DE6E6CB23AE3}.AppStore|iPhone.Build.0 = Debug|Any CPU
		{CA62F86F-63F3-404C-8F2B-DE6E6CB23AE3}.AppStore|iPhoneSimulator.ActiveCfg = Debug|Any CPU
		{CA62F86F-63F3-404C-8F2B-DE6E6CB23AE3}.AppStore|iPhoneSimulator.Build.0 = Debug|Any CPU
		{CA62F86F-63F3-404C-8F2B-DE6E6CB23AE3}.AppStore|x64.ActiveCfg = Debug|Any CPU
		{CA62F86F-63F3-404C-8F2B-DE6E6CB23AE3}.AppStore|x64.Build.0 = Debug|Any CPU
		{CA62F86F-63F3-404C-8F2B-DE6E6CB23AE3}.AppStore|x86.ActiveCfg = Debug|Any CPU
		{CA62F86F-63F3-404C-8F2B-DE6E6CB23AE3}.AppStore|x86.Build.0 = Debug|Any CPU
		{CA62F86F-63F3-404C-8F2B-DE6E6CB23AE3}.Debug|Any CPU.ActiveCfg = Debug|Any CPU
		{CA62F86F-63F3-404C-8F2B-DE6E6CB23AE3}.Debug|Any CPU.Build.0 = Debug|Any CPU
		{CA62F86F-63F3-404C-8F2B-DE6E6CB23AE3}.Debug|ARM.ActiveCfg = Debug|Any CPU
		{CA62F86F-63F3-404C-8F2B-DE6E6CB23AE3}.Debug|ARM.Build.0 = Debug|Any CPU
		{CA62F86F-63F3-404C-8F2B-DE6E6CB23AE3}.Debug|iPhone.ActiveCfg = Debug|Any CPU
		{CA62F86F-63F3-404C-8F2B-DE6E6CB23AE3}.Debug|iPhone.Build.0 = Debug|Any CPU
		{CA62F86F-63F3-404C-8F2B-DE6E6CB23AE3}.Debug|iPhoneSimulator.ActiveCfg = Debug|Any CPU
		{CA62F86F-63F3-404C-8F2B-DE6E6CB23AE3}.Debug|iPhoneSimulator.Build.0 = Debug|Any CPU
		{CA62F86F-63F3-404C-8F2B-DE6E6CB23AE3}.Debug|x64.ActiveCfg = Debug|Any CPU
		{CA62F86F-63F3-404C-8F2B-DE6E6CB23AE3}.Debug|x64.Build.0 = Debug|Any CPU
		{CA62F86F-63F3-404C-8F2B-DE6E6CB23AE3}.Debug|x86.ActiveCfg = Debug|Any CPU
		{CA62F86F-63F3-404C-8F2B-DE6E6CB23AE3}.Debug|x86.Build.0 = Debug|Any CPU
		{CA62F86F-63F3-404C-8F2B-DE6E6CB23AE3}.Release|Any CPU.ActiveCfg = Release|Any CPU
		{CA62F86F-63F3-404C-8F2B-DE6E6CB23AE3}.Release|Any CPU.Build.0 = Release|Any CPU
		{CA62F86F-63F3-404C-8F2B-DE6E6CB23AE3}.Release|ARM.ActiveCfg = Release|Any CPU
		{CA62F86F-63F3-404C-8F2B-DE6E6CB23AE3}.Release|ARM.Build.0 = Release|Any CPU
		{CA62F86F-63F3-404C-8F2B-DE6E6CB23AE3}.Release|iPhone.ActiveCfg = Release|Any CPU
		{CA62F86F-63F3-404C-8F2B-DE6E6CB23AE3}.Release|iPhone.Build.0 = Release|Any CPU
		{CA62F86F-63F3-404C-8F2B-DE6E6CB23AE3}.Release|iPhoneSimulator.ActiveCfg = Release|Any CPU
		{CA62F86F-63F3-404C-8F2B-DE6E6CB23AE3}.Release|iPhoneSimulator.Build.0 = Release|Any CPU
		{CA62F86F-63F3-404C-8F2B-DE6E6CB23AE3}.Release|x64.ActiveCfg = Release|Any CPU
		{CA62F86F-63F3-404C-8F2B-DE6E6CB23AE3}.Release|x64.Build.0 = Release|Any CPU
		{CA62F86F-63F3-404C-8F2B-DE6E6CB23AE3}.Release|x86.ActiveCfg = Release|Any CPU
		{CA62F86F-63F3-404C-8F2B-DE6E6CB23AE3}.Release|x86.Build.0 = Release|Any CPU
		{D9A90D07-3FC1-4577-A26A-FCBF6603A38B}.Ad-Hoc|Any CPU.ActiveCfg = Debug|Any CPU
		{D9A90D07-3FC1-4577-A26A-FCBF6603A38B}.Ad-Hoc|Any CPU.Build.0 = Debug|Any CPU
		{D9A90D07-3FC1-4577-A26A-FCBF6603A38B}.Ad-Hoc|ARM.ActiveCfg = Debug|Any CPU
		{D9A90D07-3FC1-4577-A26A-FCBF6603A38B}.Ad-Hoc|ARM.Build.0 = Debug|Any CPU
		{D9A90D07-3FC1-4577-A26A-FCBF6603A38B}.Ad-Hoc|iPhone.ActiveCfg = Debug|Any CPU
		{D9A90D07-3FC1-4577-A26A-FCBF6603A38B}.Ad-Hoc|iPhone.Build.0 = Debug|Any CPU
		{D9A90D07-3FC1-4577-A26A-FCBF6603A38B}.Ad-Hoc|iPhoneSimulator.ActiveCfg = Debug|Any CPU
		{D9A90D07-3FC1-4577-A26A-FCBF6603A38B}.Ad-Hoc|iPhoneSimulator.Build.0 = Debug|Any CPU
		{D9A90D07-3FC1-4577-A26A-FCBF6603A38B}.Ad-Hoc|x64.ActiveCfg = Debug|Any CPU
		{D9A90D07-3FC1-4577-A26A-FCBF6603A38B}.Ad-Hoc|x64.Build.0 = Debug|Any CPU
		{D9A90D07-3FC1-4577-A26A-FCBF6603A38B}.Ad-Hoc|x86.ActiveCfg = Debug|Any CPU
		{D9A90D07-3FC1-4577-A26A-FCBF6603A38B}.Ad-Hoc|x86.Build.0 = Debug|Any CPU
		{D9A90D07-3FC1-4577-A26A-FCBF6603A38B}.AppStore|Any CPU.ActiveCfg = Debug|Any CPU
		{D9A90D07-3FC1-4577-A26A-FCBF6603A38B}.AppStore|Any CPU.Build.0 = Debug|Any CPU
		{D9A90D07-3FC1-4577-A26A-FCBF6603A38B}.AppStore|ARM.ActiveCfg = Debug|Any CPU
		{D9A90D07-3FC1-4577-A26A-FCBF6603A38B}.AppStore|ARM.Build.0 = Debug|Any CPU
		{D9A90D07-3FC1-4577-A26A-FCBF6603A38B}.AppStore|iPhone.ActiveCfg = Debug|Any CPU
		{D9A90D07-3FC1-4577-A26A-FCBF6603A38B}.AppStore|iPhone.Build.0 = Debug|Any CPU
		{D9A90D07-3FC1-4577-A26A-FCBF6603A38B}.AppStore|iPhoneSimulator.ActiveCfg = Debug|Any CPU
		{D9A90D07-3FC1-4577-A26A-FCBF6603A38B}.AppStore|iPhoneSimulator.Build.0 = Debug|Any CPU
		{D9A90D07-3FC1-4577-A26A-FCBF6603A38B}.AppStore|x64.ActiveCfg = Debug|Any CPU
		{D9A90D07-3FC1-4577-A26A-FCBF6603A38B}.AppStore|x64.Build.0 = Debug|Any CPU
		{D9A90D07-3FC1-4577-A26A-FCBF6603A38B}.AppStore|x86.ActiveCfg = Debug|Any CPU
		{D9A90D07-3FC1-4577-A26A-FCBF6603A38B}.AppStore|x86.Build.0 = Debug|Any CPU
		{D9A90D07-3FC1-4577-A26A-FCBF6603A38B}.Debug|Any CPU.ActiveCfg = Debug|Any CPU
		{D9A90D07-3FC1-4577-A26A-FCBF6603A38B}.Debug|Any CPU.Build.0 = Debug|Any CPU
		{D9A90D07-3FC1-4577-A26A-FCBF6603A38B}.Debug|ARM.ActiveCfg = Debug|Any CPU
		{D9A90D07-3FC1-4577-A26A-FCBF6603A38B}.Debug|ARM.Build.0 = Debug|Any CPU
		{D9A90D07-3FC1-4577-A26A-FCBF6603A38B}.Debug|iPhone.ActiveCfg = Debug|Any CPU
		{D9A90D07-3FC1-4577-A26A-FCBF6603A38B}.Debug|iPhone.Build.0 = Debug|Any CPU
		{D9A90D07-3FC1-4577-A26A-FCBF6603A38B}.Debug|iPhoneSimulator.ActiveCfg = Debug|Any CPU
		{D9A90D07-3FC1-4577-A26A-FCBF6603A38B}.Debug|iPhoneSimulator.Build.0 = Debug|Any CPU
		{D9A90D07-3FC1-4577-A26A-FCBF6603A38B}.Debug|x64.ActiveCfg = Debug|Any CPU
		{D9A90D07-3FC1-4577-A26A-FCBF6603A38B}.Debug|x64.Build.0 = Debug|Any CPU
		{D9A90D07-3FC1-4577-A26A-FCBF6603A38B}.Debug|x86.ActiveCfg = Debug|Any CPU
		{D9A90D07-3FC1-4577-A26A-FCBF6603A38B}.Debug|x86.Build.0 = Debug|Any CPU
		{D9A90D07-3FC1-4577-A26A-FCBF6603A38B}.Release|Any CPU.ActiveCfg = Release|Any CPU
		{D9A90D07-3FC1-4577-A26A-FCBF6603A38B}.Release|Any CPU.Build.0 = Release|Any CPU
		{D9A90D07-3FC1-4577-A26A-FCBF6603A38B}.Release|ARM.ActiveCfg = Release|Any CPU
		{D9A90D07-3FC1-4577-A26A-FCBF6603A38B}.Release|ARM.Build.0 = Release|Any CPU
		{D9A90D07-3FC1-4577-A26A-FCBF6603A38B}.Release|iPhone.ActiveCfg = Release|Any CPU
		{D9A90D07-3FC1-4577-A26A-FCBF6603A38B}.Release|iPhone.Build.0 = Release|Any CPU
		{D9A90D07-3FC1-4577-A26A-FCBF6603A38B}.Release|iPhoneSimulator.ActiveCfg = Release|Any CPU
		{D9A90D07-3FC1-4577-A26A-FCBF6603A38B}.Release|iPhoneSimulator.Build.0 = Release|Any CPU
		{D9A90D07-3FC1-4577-A26A-FCBF6603A38B}.Release|x64.ActiveCfg = Release|Any CPU
		{D9A90D07-3FC1-4577-A26A-FCBF6603A38B}.Release|x64.Build.0 = Release|Any CPU
		{D9A90D07-3FC1-4577-A26A-FCBF6603A38B}.Release|x86.ActiveCfg = Release|Any CPU
		{D9A90D07-3FC1-4577-A26A-FCBF6603A38B}.Release|x86.Build.0 = Release|Any CPU
		{D9FC7777-82C9-44F8-AC3F-C481B44454AE}.Ad-Hoc|Any CPU.ActiveCfg = Debug|Any CPU
		{D9FC7777-82C9-44F8-AC3F-C481B44454AE}.Ad-Hoc|Any CPU.Build.0 = Debug|Any CPU
		{D9FC7777-82C9-44F8-AC3F-C481B44454AE}.Ad-Hoc|ARM.ActiveCfg = Debug|Any CPU
		{D9FC7777-82C9-44F8-AC3F-C481B44454AE}.Ad-Hoc|ARM.Build.0 = Debug|Any CPU
		{D9FC7777-82C9-44F8-AC3F-C481B44454AE}.Ad-Hoc|iPhone.ActiveCfg = Debug|Any CPU
		{D9FC7777-82C9-44F8-AC3F-C481B44454AE}.Ad-Hoc|iPhone.Build.0 = Debug|Any CPU
		{D9FC7777-82C9-44F8-AC3F-C481B44454AE}.Ad-Hoc|iPhoneSimulator.ActiveCfg = Debug|Any CPU
		{D9FC7777-82C9-44F8-AC3F-C481B44454AE}.Ad-Hoc|iPhoneSimulator.Build.0 = Debug|Any CPU
		{D9FC7777-82C9-44F8-AC3F-C481B44454AE}.Ad-Hoc|x64.ActiveCfg = Debug|Any CPU
		{D9FC7777-82C9-44F8-AC3F-C481B44454AE}.Ad-Hoc|x64.Build.0 = Debug|Any CPU
		{D9FC7777-82C9-44F8-AC3F-C481B44454AE}.Ad-Hoc|x86.ActiveCfg = Debug|Any CPU
		{D9FC7777-82C9-44F8-AC3F-C481B44454AE}.Ad-Hoc|x86.Build.0 = Debug|Any CPU
		{D9FC7777-82C9-44F8-AC3F-C481B44454AE}.AppStore|Any CPU.ActiveCfg = Debug|Any CPU
		{D9FC7777-82C9-44F8-AC3F-C481B44454AE}.AppStore|Any CPU.Build.0 = Debug|Any CPU
		{D9FC7777-82C9-44F8-AC3F-C481B44454AE}.AppStore|ARM.ActiveCfg = Debug|Any CPU
		{D9FC7777-82C9-44F8-AC3F-C481B44454AE}.AppStore|ARM.Build.0 = Debug|Any CPU
		{D9FC7777-82C9-44F8-AC3F-C481B44454AE}.AppStore|iPhone.ActiveCfg = Debug|Any CPU
		{D9FC7777-82C9-44F8-AC3F-C481B44454AE}.AppStore|iPhone.Build.0 = Debug|Any CPU
		{D9FC7777-82C9-44F8-AC3F-C481B44454AE}.AppStore|iPhoneSimulator.ActiveCfg = Debug|Any CPU
		{D9FC7777-82C9-44F8-AC3F-C481B44454AE}.AppStore|iPhoneSimulator.Build.0 = Debug|Any CPU
		{D9FC7777-82C9-44F8-AC3F-C481B44454AE}.AppStore|x64.ActiveCfg = Debug|Any CPU
		{D9FC7777-82C9-44F8-AC3F-C481B44454AE}.AppStore|x64.Build.0 = Debug|Any CPU
		{D9FC7777-82C9-44F8-AC3F-C481B44454AE}.AppStore|x86.ActiveCfg = Debug|Any CPU
		{D9FC7777-82C9-44F8-AC3F-C481B44454AE}.AppStore|x86.Build.0 = Debug|Any CPU
		{D9FC7777-82C9-44F8-AC3F-C481B44454AE}.Debug|Any CPU.ActiveCfg = Debug|Any CPU
		{D9FC7777-82C9-44F8-AC3F-C481B44454AE}.Debug|Any CPU.Build.0 = Debug|Any CPU
		{D9FC7777-82C9-44F8-AC3F-C481B44454AE}.Debug|ARM.ActiveCfg = Debug|Any CPU
		{D9FC7777-82C9-44F8-AC3F-C481B44454AE}.Debug|ARM.Build.0 = Debug|Any CPU
		{D9FC7777-82C9-44F8-AC3F-C481B44454AE}.Debug|iPhone.ActiveCfg = Debug|Any CPU
		{D9FC7777-82C9-44F8-AC3F-C481B44454AE}.Debug|iPhone.Build.0 = Debug|Any CPU
		{D9FC7777-82C9-44F8-AC3F-C481B44454AE}.Debug|iPhoneSimulator.ActiveCfg = Debug|Any CPU
		{D9FC7777-82C9-44F8-AC3F-C481B44454AE}.Debug|iPhoneSimulator.Build.0 = Debug|Any CPU
		{D9FC7777-82C9-44F8-AC3F-C481B44454AE}.Debug|x64.ActiveCfg = Debug|Any CPU
		{D9FC7777-82C9-44F8-AC3F-C481B44454AE}.Debug|x64.Build.0 = Debug|Any CPU
		{D9FC7777-82C9-44F8-AC3F-C481B44454AE}.Debug|x86.ActiveCfg = Debug|Any CPU
		{D9FC7777-82C9-44F8-AC3F-C481B44454AE}.Debug|x86.Build.0 = Debug|Any CPU
		{D9FC7777-82C9-44F8-AC3F-C481B44454AE}.Release|Any CPU.ActiveCfg = Release|Any CPU
		{D9FC7777-82C9-44F8-AC3F-C481B44454AE}.Release|Any CPU.Build.0 = Release|Any CPU
		{D9FC7777-82C9-44F8-AC3F-C481B44454AE}.Release|ARM.ActiveCfg = Release|Any CPU
		{D9FC7777-82C9-44F8-AC3F-C481B44454AE}.Release|ARM.Build.0 = Release|Any CPU
		{D9FC7777-82C9-44F8-AC3F-C481B44454AE}.Release|iPhone.ActiveCfg = Release|Any CPU
		{D9FC7777-82C9-44F8-AC3F-C481B44454AE}.Release|iPhone.Build.0 = Release|Any CPU
		{D9FC7777-82C9-44F8-AC3F-C481B44454AE}.Release|iPhoneSimulator.ActiveCfg = Release|Any CPU
		{D9FC7777-82C9-44F8-AC3F-C481B44454AE}.Release|iPhoneSimulator.Build.0 = Release|Any CPU
		{D9FC7777-82C9-44F8-AC3F-C481B44454AE}.Release|x64.ActiveCfg = Release|Any CPU
		{D9FC7777-82C9-44F8-AC3F-C481B44454AE}.Release|x64.Build.0 = Release|Any CPU
		{D9FC7777-82C9-44F8-AC3F-C481B44454AE}.Release|x86.ActiveCfg = Release|Any CPU
		{D9FC7777-82C9-44F8-AC3F-C481B44454AE}.Release|x86.Build.0 = Release|Any CPU
		{CC42464C-13A5-46AE-BF5D-3D7AE538D6C9}.Ad-Hoc|Any CPU.ActiveCfg = Debug|Any CPU
		{CC42464C-13A5-46AE-BF5D-3D7AE538D6C9}.Ad-Hoc|Any CPU.Build.0 = Debug|Any CPU
		{CC42464C-13A5-46AE-BF5D-3D7AE538D6C9}.Ad-Hoc|ARM.ActiveCfg = Debug|Any CPU
		{CC42464C-13A5-46AE-BF5D-3D7AE538D6C9}.Ad-Hoc|ARM.Build.0 = Debug|Any CPU
		{CC42464C-13A5-46AE-BF5D-3D7AE538D6C9}.Ad-Hoc|iPhone.ActiveCfg = Debug|Any CPU
		{CC42464C-13A5-46AE-BF5D-3D7AE538D6C9}.Ad-Hoc|iPhone.Build.0 = Debug|Any CPU
		{CC42464C-13A5-46AE-BF5D-3D7AE538D6C9}.Ad-Hoc|iPhoneSimulator.ActiveCfg = Debug|Any CPU
		{CC42464C-13A5-46AE-BF5D-3D7AE538D6C9}.Ad-Hoc|iPhoneSimulator.Build.0 = Debug|Any CPU
		{CC42464C-13A5-46AE-BF5D-3D7AE538D6C9}.Ad-Hoc|x64.ActiveCfg = Debug|Any CPU
		{CC42464C-13A5-46AE-BF5D-3D7AE538D6C9}.Ad-Hoc|x64.Build.0 = Debug|Any CPU
		{CC42464C-13A5-46AE-BF5D-3D7AE538D6C9}.Ad-Hoc|x86.ActiveCfg = Debug|Any CPU
		{CC42464C-13A5-46AE-BF5D-3D7AE538D6C9}.Ad-Hoc|x86.Build.0 = Debug|Any CPU
		{CC42464C-13A5-46AE-BF5D-3D7AE538D6C9}.AppStore|Any CPU.ActiveCfg = Debug|Any CPU
		{CC42464C-13A5-46AE-BF5D-3D7AE538D6C9}.AppStore|Any CPU.Build.0 = Debug|Any CPU
		{CC42464C-13A5-46AE-BF5D-3D7AE538D6C9}.AppStore|ARM.ActiveCfg = Debug|Any CPU
		{CC42464C-13A5-46AE-BF5D-3D7AE538D6C9}.AppStore|ARM.Build.0 = Debug|Any CPU
		{CC42464C-13A5-46AE-BF5D-3D7AE538D6C9}.AppStore|iPhone.ActiveCfg = Debug|Any CPU
		{CC42464C-13A5-46AE-BF5D-3D7AE538D6C9}.AppStore|iPhone.Build.0 = Debug|Any CPU
		{CC42464C-13A5-46AE-BF5D-3D7AE538D6C9}.AppStore|iPhoneSimulator.ActiveCfg = Debug|Any CPU
		{CC42464C-13A5-46AE-BF5D-3D7AE538D6C9}.AppStore|iPhoneSimulator.Build.0 = Debug|Any CPU
		{CC42464C-13A5-46AE-BF5D-3D7AE538D6C9}.AppStore|x64.ActiveCfg = Debug|Any CPU
		{CC42464C-13A5-46AE-BF5D-3D7AE538D6C9}.AppStore|x64.Build.0 = Debug|Any CPU
		{CC42464C-13A5-46AE-BF5D-3D7AE538D6C9}.AppStore|x86.ActiveCfg = Debug|Any CPU
		{CC42464C-13A5-46AE-BF5D-3D7AE538D6C9}.AppStore|x86.Build.0 = Debug|Any CPU
		{CC42464C-13A5-46AE-BF5D-3D7AE538D6C9}.Debug|Any CPU.ActiveCfg = Debug|Any CPU
		{CC42464C-13A5-46AE-BF5D-3D7AE538D6C9}.Debug|Any CPU.Build.0 = Debug|Any CPU
		{CC42464C-13A5-46AE-BF5D-3D7AE538D6C9}.Debug|ARM.ActiveCfg = Debug|Any CPU
		{CC42464C-13A5-46AE-BF5D-3D7AE538D6C9}.Debug|ARM.Build.0 = Debug|Any CPU
		{CC42464C-13A5-46AE-BF5D-3D7AE538D6C9}.Debug|iPhone.ActiveCfg = Debug|Any CPU
		{CC42464C-13A5-46AE-BF5D-3D7AE538D6C9}.Debug|iPhone.Build.0 = Debug|Any CPU
		{CC42464C-13A5-46AE-BF5D-3D7AE538D6C9}.Debug|iPhoneSimulator.ActiveCfg = Debug|Any CPU
		{CC42464C-13A5-46AE-BF5D-3D7AE538D6C9}.Debug|iPhoneSimulator.Build.0 = Debug|Any CPU
		{CC42464C-13A5-46AE-BF5D-3D7AE538D6C9}.Debug|x64.ActiveCfg = Debug|Any CPU
		{CC42464C-13A5-46AE-BF5D-3D7AE538D6C9}.Debug|x64.Build.0 = Debug|Any CPU
		{CC42464C-13A5-46AE-BF5D-3D7AE538D6C9}.Debug|x86.ActiveCfg = Debug|Any CPU
		{CC42464C-13A5-46AE-BF5D-3D7AE538D6C9}.Debug|x86.Build.0 = Debug|Any CPU
		{CC42464C-13A5-46AE-BF5D-3D7AE538D6C9}.Release|Any CPU.ActiveCfg = Release|Any CPU
		{CC42464C-13A5-46AE-BF5D-3D7AE538D6C9}.Release|Any CPU.Build.0 = Release|Any CPU
		{CC42464C-13A5-46AE-BF5D-3D7AE538D6C9}.Release|ARM.ActiveCfg = Release|Any CPU
		{CC42464C-13A5-46AE-BF5D-3D7AE538D6C9}.Release|ARM.Build.0 = Release|Any CPU
		{CC42464C-13A5-46AE-BF5D-3D7AE538D6C9}.Release|iPhone.ActiveCfg = Release|Any CPU
		{CC42464C-13A5-46AE-BF5D-3D7AE538D6C9}.Release|iPhone.Build.0 = Release|Any CPU
		{CC42464C-13A5-46AE-BF5D-3D7AE538D6C9}.Release|iPhoneSimulator.ActiveCfg = Release|Any CPU
		{CC42464C-13A5-46AE-BF5D-3D7AE538D6C9}.Release|iPhoneSimulator.Build.0 = Release|Any CPU
		{CC42464C-13A5-46AE-BF5D-3D7AE538D6C9}.Release|x64.ActiveCfg = Release|Any CPU
		{CC42464C-13A5-46AE-BF5D-3D7AE538D6C9}.Release|x64.Build.0 = Release|Any CPU
		{CC42464C-13A5-46AE-BF5D-3D7AE538D6C9}.Release|x86.ActiveCfg = Release|Any CPU
		{CC42464C-13A5-46AE-BF5D-3D7AE538D6C9}.Release|x86.Build.0 = Release|Any CPU
	EndGlobalSection
	GlobalSection(SolutionProperties) = preSolution
		HideSolutionNode = FALSE
	EndGlobalSection
	GlobalSection(ExtensibilityGlobals) = postSolution
		SolutionGuid = {86DD8D4C-EC79-4CB3-A6EF-1E53DD2771F0}
	EndGlobalSection
EndGlobal
